{
	"name": "AceLearn-AI",
	"lockfileVersion": 2,
	"requires": true,
	"packages": {
		"": {
			"dependencies": {
				"better-sqlite3": "^13.0.3"
			},
			"devDependencies": {
				"@types/better-sqlite3": "^9.6.0"
			}
		},
		"node_modules/@types/better-sqlite3": {
			"version": "9.6.0",
			"resolved": "https://registry.npmjs.org/@types/better-sqlite3/-/better-sqlite3-9.6.0.tgz",
			"integrity": "sha512-ZEEwBSgMu7GYJOynoagg5X9JbxfL6dTJDsgViJIqh67jV44kyOr9RXfmFjLK5rzC4MWssP06t9hu/JwGDnUbCg==",
			"dev": true,
			"dependencies": {
				"@types/node": "*"
			}
		},
		"node_modules/@types/node": {
			"version": "26.2.0",
			"resolved": "https://registry.npmjs.org/@types/node/-/node-26.2.0.tgz",
			"integrity": "sha512-5IviulTZeRNp2vAJ514cc/HUlY5nZ9fCbq9DMyC52BrhFZACo3nI0R7qBxhQmo/d27NFe96ur/b7Wwxklda+kg==",
			"dev": true,
			"dependencies": {
				"undici-types": "~8.3.0"
			}
		},
		"node_modules/better-sqlite3": {
			"version": "13.0.3",
			"resolved": "https://registry.npmjs.org/better-sqlite3/-/better-sqlite3-13.0.3.tgz",
			"integrity": "sha512-RbOBxmLBG8uvFUc15X9+9SFemKcQ0WBuISBVkpuiaUB2qblC8UWlHEjdWVoZ8AdhSwmoEgsiXKfopX0CQxaACQ==",
			"hasInstallScript": true,
			"dependencies": {
				"node-addon-api": "^8.0.0"
			},
			"engines": {
				"node": ">=22"
			}
		},
		"node_modules/node-addon-api": {
			"version": "8.9.2",
			"resolved": "https://registry.npmjs.org/node-addon-api/-/node-addon-api-8.9.2.tgz",
			"integrity": "sha512-VijLXbi3UACN69I0JVXJsX4tjACjNoQDgv2gTF6sx2wWEi8tkSg2eX8p5gSIFi8z2+DL3oHmY6OyKce38SDolg==",
			"engines": {
				"node": "^18 || ^20 || >= 21"
			}
		},
		"node_modules/undici-types": {
			"version": "8.3.0",
			"resolved": "https://registry.npmjs.org/undici-types/-/undici-types-8.3.0.tgz",
			"integrity": "sha512-j375ScV60dom+YkPFIfTLcOiPxkN/buHz5GobjLhixFuANaNs3C9l4GmrWqejgXWJ7BbJcFYpTEUkS1Ge8bpZQ==",
			"dev": true
		}
	},
	"dependencies": {
		"@types/better-sqlite3": {
			"version": "9.6.0",
			"resolved": "https://registry.npmjs.org/@types/better-sqlite3/-/better-sqlite3-9.6.0.tgz",
			"integrity": "sha512-ZEEwBSgMu7GYJOynoagg5X9JbxfL6dTJDsgViJIqh67jV44kyOr9RXfmFjLK5rzC4MWssP06t9hu/JwGDnUbCg==",
			"dev": true,
			"requires": {
				"@types/node": "*"
			}
		},
		"@types/node": {
			"version": "26.2.0",
			"resolved": "https://registry.npmjs.org/@types/node/-/node-26.2.0.tgz",
			"integrity": "sha512-5IviulTZeRNp2vAJ514cc/HUlY5nZ9fCbq9DMyC52BrhFZACo3nI0R7qBxhQmo/d27NFe96ur/b7Wwxklda+kg==",
			"dev": true,
			"requires": {
				"undici-types": "~8.3.0"
			}
		},
		"better-sqlite3": {
			"version": "13.0.3",
			"resolved": "https://registry.npmjs.org/better-sqlite3/-/better-sqlite3-13.0.3.tgz",
			"integrity": "sha512-RbOBxmLBG8uvFUc15X9+9SFemKcQ0WBuISBVkpuiaUB2qblC8UWlHEjdWVoZ8AdhSwmoEgsiXKfopX0CQxaACQ==",
			"requires": {
				"node-addon-api": "^8.0.0"
			}
		},
		"node-addon-api": {
			"version": "8.9.2",
			"resolved": "https://registry.npmjs.org/node-addon-api/-/node-addon-api-8.9.2.tgz",
			"integrity": "sha512-VijLXbi3UACN69I0JVXJsX4tjACjNoQDgv2gTF6sx2wWEi8tkSg2eX8p5gSIFi8z2+DL3oHmY6OyKce38SDolg=="
		},
		"undici-types": {
			"version": "8.3.0",
			"resolved": "https://registry.npmjs.org/undici-types/-/undici-types-8.3.0.tgz",
			"integrity": "sha512-j375ScV60dom+YkPFIfTLcOiPxkN/buHz5GobjLhixFuANaNs3C9l4GmrWqejgXWJ7BbJcFYpTEUkS1Ge8bpZQ==",
			"dev": true
		}
	}
}
